<?xml version="1.0" encoding="utf-8"?>
<Project ToolsVersion="4.0" xmlns="http://schemas.microsoft.com/developer/msbuild/2003">
  <ItemGroup>
    <Filter Include="Source Files">
      <UniqueIdentifier>{4FC737F1-C7A5-4376-A066-2A32D752A2FF}</UniqueIdentifier>
      <Extensions>cpp;c;cc;cxx;c++;cppm;ixx;def;odl;idl;hpj;bat;asm;asmx</Extensions>
    </Filter>
    <Filter Include="Header Files">
      <UniqueIdentifier>{93995380-89BD-4b04-88EB-625FBE52EBFB}</UniqueIdentifier>
      <Extensions>h;hh;hpp;hxx;h++;hm;inl;inc;ipp;xsd</Extensions>
    </Filter>
    <Filter Include="Resource Files">
      <UniqueIdentifier>{67DA6AB6-F800-4c08-8B7A-83BB121AAD01}</UniqueIdentifier>
      <Extensions>rc;ico;cur;bmp;dlg;rc2;rct;bin;rgs;gif;jpg;jpeg;jpe;resx;tiff;tif;png;wav;mfcribbon-ms</Extensions>
    </Filter>
    <Filter Include="R API+">
      <UniqueIdentifier>{31dce020-1eb3-4fb5-a416-8c9aee576db1}</UniqueIdentifier>
    </Filter>
    <Filter Include="Strategies">
      <UniqueIdentifier>{56079b70-690e-441c-91dd-35a1d90b3b77}</UniqueIdentifier>
    </Filter>
    <Filter Include="Strategies\Order Flow">
      <UniqueIdentifier>{94a45edc-ff57-447a-99aa-3ed394590598}</UniqueIdentifier>
    </Filter>
    <Filter Include="Strategies\Order Book">
      <UniqueIdentifier>{05f651bd-95cc-45a6-a1d2-9c4ca6847d1b}</UniqueIdentifier>
    </Filter>
    <Filter Include="Strategies\Confirmation">
      <UniqueIdentifier>{22c3eb40-8f0e-4cc4-917c-3d02b9d6404f}</UniqueIdentifier>
    </Filter>
  </ItemGroup>
  <ItemGroup>
    <ClCompile Include="Main.cpp">
      <Filter>Source Files</Filter>
    </ClCompile>
    <ClCompile Include="ImplRApi.cpp">
      <Filter>R API+</Filter>
    </ClCompile>
    <ClCompile Include="Order.cpp">
      <Filter>Source Files</Filter>
    </ClCompile>
    <ClCompile Include="Quant.cpp">
      <Filter>Source Files</Filter>
    </ClCompile>
    <ClCompile Include="Globals.cpp">
      <Filter>Source Files</Filter>
    </ClCompile>
    <ClCompile Include="Contract.cpp">
      <Filter>Source Files</Filter>
    </ClCompile>
    <ClCompile Include="Account.cpp">
      <Filter>Source Files</Filter>
    </ClCompile>
    <ClCompile Include="Analysis.cpp">
      <Filter>Source Files</Filter>
    </ClCompile>
    <ClCompile Include="HeavyVolume.cpp">
      <Filter>Strategies\Order Flow</Filter>
    </ClCompile>
    <ClCompile Include="LimitOrderVolume.cpp">
      <Filter>Strategies\Order Book</Filter>
    </ClCompile>
    <ClCompile Include="TradeFilter.cpp">
      <Filter>Strategies\Order Flow</Filter>
    </ClCompile>
    <ClCompile Include="Delta.cpp">
      <Filter>Strategies\Confirmation</Filter>
    </ClCompile>
    <ClCompile Include="Absorbtion.cpp">
      <Filter>Strategies\Confirmation</Filter>
    </ClCompile>
  </ItemGroup>
  <ItemGroup>
    <ClInclude Include="Main.h">
      <Filter>Header Files</Filter>
    </ClInclude>
    <ClInclude Include="ImplRApi.h">
      <Filter>R API+</Filter>
    </ClInclude>
    <ClInclude Include="Order.h">
      <Filter>Header Files</Filter>
    </ClInclude>
    <ClInclude Include="Quant.h">
      <Filter>Header Files</Filter>
    </ClInclude>
    <ClInclude Include="Globals.h">
      <Filter>Header Files</Filter>
    </ClInclude>
    <ClInclude Include="Contract.h">
      <Filter>Header Files</Filter>
    </ClInclude>
    <ClInclude Include="Account.h">
      <Filter>Header Files</Filter>
    </ClInclude>
    <ClInclude Include="Analysis.h">
      <Filter>Header Files</Filter>
    </ClInclude>
  </ItemGroup>
</Project>